
Microsoft Visual Studio Solution File, Format Version 10.00
# Visual Studio 2008
Project("{FAE04EC0-301F-11D3-BF4B-00C04F79EFBC}") = "ActiveXControl", "ActiveXControl\ActiveXControl.csproj", "{C71A34E5-58F9-4E85-AAD9-1ED6D29B44A4}"
EndProject
Project("{FAE04EC0-301F-11D3-BF4B-00C04F79EFBC}") = "WebApp", "WebApp\WebApp.csproj", "{A137ABFB-FBBF-41D5-9627-F70732AE72C8}"
EndProject
Project("{54435603-DBB4-11D2-8724-00A0C9A8B90C}") = "ActiveXDeployer", "ActiveXDeployer\ActiveXDeployer.vdproj", "{924B533F-AE38-410E-88FA-53C31EA682B7}"
EndProject
Global
	GlobalSection(SolutionConfigurationPlatforms) = preSolution
		Debug|Any CPU = Debug|Any CPU
		Release|Any CPU = Release|Any CPU
	EndGlobalSection
	GlobalSection(ProjectConfigurationPlatforms) = postSolution
		{C71A34E5-58F9-4E85-AAD9-1ED6D29B44A4}.Debug|Any CPU.ActiveCfg = Debug|Any CPU
		{C71A34E5-58F9-4E85-AAD9-1ED6D29B44A4}.Debug|Any CPU.Build.0 = Debug|Any CPU
		{C71A34E5-58F9-4E85-AAD9-1ED6D29B44A4}.Release|Any CPU.ActiveCfg = Release|Any CPU
		{C71A34E5-58F9-4E85-AAD9-1ED6D29B44A4}.Release|Any CPU.Build.0 = Release|Any CPU
		{A137ABFB-FBBF-41D5-9627-F70732AE72C8}.Debug|Any CPU.ActiveCfg = Debug|Any CPU
		{A137ABFB-FBBF-41D5-9627-F70732AE72C8}.Debug|Any CPU.Build.0 = Debug|Any CPU
		{A137ABFB-FBBF-41D5-9627-F70732AE72C8}.Release|Any CPU.ActiveCfg = Release|Any CPU
		{A137ABFB-FBBF-41D5-9627-F70732AE72C8}.Release|Any CPU.Build.0 = Release|Any CPU
		{924B533F-AE38-410E-88FA-53C31EA682B7}.Debug|Any CPU.ActiveCfg = Debug
		{924B533F-AE38-410E-88FA-53C31EA682B7}.Release|Any CPU.ActiveCfg = Release
	EndGlobalSection
	GlobalSection(SolutionProperties) = preSolution
		HideSolutionNode = FALSE
	EndGlobalSection
EndGlobal
